
Microsoft Visual Studio Solution File, Format Version 12.00
# Visual Studio 15
VisualStudioVersion = 15.0.28010.2019
MinimumVisualStudioVersion = 10.0.40219.1
Project("{FAE04EC0-301F-11D3-BF4B-00C04F79EFBC}") = "HelloConsole", "HelloConsole\HelloConsole.csproj", "{768A1B6B-69C1-4A57-AA0D-ED102B7EDF62}"
EndProject
Project("{FAE04EC0-301F-11D3-BF4B-00C04F79EFBC}") = "HelloWinForms", "HelloWinForms\HelloWinForms.csproj", "{733119AB-140B-433E-8888-4A40160C80C4}"
EndProject
Project("{FAE04EC0-301F-11D3-BF4B-00C04F79EFBC}") = "HelloWPF", "HelloWPF\HelloWPF.csproj", "{50721C0D-1C43-47C3-94EC-9588774646A2}"
EndProject
Project("{E24C65DC-7377-472B-9ABA-BC803B73C61A}") = "HelloWebForms", "HelloWebForms\", "{D864B2C9-2DE3-4702-9E6F-59069FC38130}"
	ProjectSection(WebsiteProperties) = preProject
		TargetFrameworkMoniker = ".NETFramework,Version%3Dv4.6.1"
		Debug.AspNetCompiler.VirtualPath = "/localhost_50449"
		Debug.AspNetCompiler.PhysicalPath = "HelloWebForms\"
		Debug.AspNetCompiler.TargetPath = "PrecompiledWeb\localhost_50449\"
		Debug.AspNetCompiler.Updateable = "true"
		Debug.AspNetCompiler.ForceOverwrite = "true"
		Debug.AspNetCompiler.FixedNames = "false"
		Debug.AspNetCompiler.Debug = "True"
		Release.AspNetCompiler.VirtualPath = "/localhost_50449"
		Release.AspNetCompiler.PhysicalPath = "HelloWebForms\"
		Release.AspNetCompiler.TargetPath = "PrecompiledWeb\localhost_50449\"
		Release.AspNetCompiler.Updateable = "true"
		Release.AspNetCompiler.ForceOverwrite = "true"
		Release.AspNetCompiler.FixedNames = "false"
		Release.AspNetCompiler.Debug = "False"
		VWDPort = "50449"
		SlnRelativePath = "HelloWebForms\"
		DefaultWebSiteLanguage = "Visual C#"
	EndProjectSection
EndProject
Global
	GlobalSection(SolutionConfigurationPlatforms) = preSolution
		Debug|Any CPU = Debug|Any CPU
		Release|Any CPU = Release|Any CPU
	EndGlobalSection
	GlobalSection(ProjectConfigurationPlatforms) = postSolution
		{768A1B6B-69C1-4A57-AA0D-ED102B7EDF62}.Debug|Any CPU.ActiveCfg = Debug|Any CPU
		{768A1B6B-69C1-4A57-AA0D-ED102B7EDF62}.Debug|Any CPU.Build.0 = Debug|Any CPU
		{768A1B6B-69C1-4A57-AA0D-ED102B7EDF62}.Release|Any CPU.ActiveCfg = Release|Any CPU
		{768A1B6B-69C1-4A57-AA0D-ED102B7EDF62}.Release|Any CPU.Build.0 = Release|Any CPU
		{733119AB-140B-433E-8888-4A40160C80C4}.Debug|Any CPU.ActiveCfg = Debug|Any CPU
		{733119AB-140B-433E-8888-4A40160C80C4}.Debug|Any CPU.Build.0 = Debug|Any CPU
		{733119AB-140B-433E-8888-4A40160C80C4}.Release|Any CPU.ActiveCfg = Release|Any CPU
		{733119AB-140B-433E-8888-4A40160C80C4}.Release|Any CPU.Build.0 = Release|Any CPU
		{50721C0D-1C43-47C3-94EC-9588774646A2}.Debug|Any CPU.ActiveCfg = Debug|Any CPU
		{50721C0D-1C43-47C3-94EC-9588774646A2}.Debug|Any CPU.Build.0 = Debug|Any CPU
		{50721C0D-1C43-47C3-94EC-9588774646A2}.Release|Any CPU.ActiveCfg = Release|Any CPU
		{50721C0D-1C43-47C3-94EC-9588774646A2}.Release|Any CPU.Build.0 = Release|Any CPU
		{D864B2C9-2DE3-4702-9E6F-59069FC38130}.Debug|Any CPU.ActiveCfg = Debug|Any CPU
		{D864B2C9-2DE3-4702-9E6F-59069FC38130}.Debug|Any CPU.Build.0 = Debug|Any CPU
		{D864B2C9-2DE3-4702-9E6F-59069FC38130}.Release|Any CPU.ActiveCfg = Debug|Any CPU
		{D864B2C9-2DE3-4702-9E6F-59069FC38130}.Release|Any CPU.Build.0 = Debug|Any CPU
	EndGlobalSection
	GlobalSection(SolutionProperties) = preSolution
		HideSolutionNode = FALSE
	EndGlobalSection
	GlobalSection(ExtensibilityGlobals) = postSolution
		SolutionGuid = {589A3B97-96DC-42E2-974D-57E215460AD7}
	EndGlobalSection
EndGlobal
